// !$*UTF8*$!
{
	archiveVersion = 1;
	classes = {
	};
	objectVersion = 46;
	objects = {

/* Begin PBXBuildFile section */
		69A626431BABBBAF00218469 /* main.m in Sources */ = {isa = PBXBuildFile; fileRef = 69A626421BABBBAF00218469 /* main.m */; };
		69A626461BABBBAF00218469 /* AppDelegate.m in Sources */ = {isa = PBXBuildFile; fileRef = 69A626451BABBBAF00218469 /* AppDelegate.m */; };
		69A626491BABBBAF00218469 /* ViewController.m in Sources */ = {isa = PBXBuildFile; fileRef = 69A626481BABBBAF00218469 /* ViewController.m */; };
		69A6264C1BABBBAF00218469 /* Main.storyboard in Resources */ = {isa = PBXBuildFile; fileRef = 69A6264A1BABBBAF00218469 /* Main.storyboard */; };
		69A6264E1BABBBAF00218469 /* Images.xcassets in Resources */ = {isa = PBXBuildFile; fileRef = 69A6264D1BABBBAF00218469 /* Images.xcassets */; };
		69A626511BABBBAF00218469 /* LaunchScreen.xib in Resources */ = {isa = PBXBuildFile; fileRef = 69A6264F1BABBBAF00218469 /* LaunchScreen.xib */; };
		69A6265D1BABBBAF00218469 /* tableViewTests.m in Sources */ = {isa = PBXBuildFile; fileRef = 69A6265C1BABBBAF00218469 /* tableViewTests.m */; };
/* End PBXBuildFile section */

/* Begin PBXContainerItemProxy section */
		69A626571BABBBAF00218469 /* PBXContainerItemProxy */ = {
			isa = PBXContainerItemProxy;
			containerPortal = 69A626351BABBBAF00218469 /* Project object */;
			proxyType = 1;
			remoteGlobalIDString = 69A6263C1BABBBAF00218469;
			remoteInfo = tableView;
		};
/* End PBXContainerItemProxy section */

/* Begin PBXFileReference section */
		69A6263D1BABBBAF00218469 /* tableView.app */ = {isa = PBXFileReference; explicitFileType = wrapper.application; includeInIndex = 0; path = tableView.app; sourceTree = BUILT_PRODUCTS_DIR; };
		69A626411BABBBAF00218469 /* Info.plist */ = {isa = PBXFileReference; lastKnownFileType = text.plist.xml; path = Info.plist; sourceTree = "<group>"; };
		69A626421BABBBAF00218469 /* main.m */ = {isa = PBXFileReference; lastKnownFileType = sourcecode.c.objc; path = main.m; sourceTree = "<group>"; };
		69A626441BABBBAF00218469 /* AppDelegate.h */ = {isa = PBXFileReference; lastKnownFileType = sourcecode.c.h; path = AppDelegate.h; sourceTree = "<group>"; };
		69A626451BABBBAF00218469 /* AppDelegate.m */ = {isa = PBXFileReference; lastKnownFileType = sourcecode.c.objc; path = AppDelegate.m; sourceTree = "<group>"; };
		69A626471BABBBAF00218469 /* ViewController.h */ = {isa = PBXFileReference; lastKnownFileType = sourcecode.c.h; path = ViewController.h; sourceTree = "<group>"; };
		69A626481BABBBAF00218469 /* ViewController.m */ = {isa = PBXFileReference; lastKnownFileType = sourcecode.c.objc; path = ViewController.m; sourceTree = "<group>"; };
		69A6264B1BABBBAF00218469 /* Base */ = {isa = PBXFileReference; lastKnownFileType = file.storyboard; name = Base; path = Base.lproj/Main.storyboard; sourceTree = "<group>"; };
		69A6264D1BABBBAF00218469 /* Images.xcassets */ = {isa = PBXFileReference; lastKnownFileType = folder.assetcatalog; path = Images.xcassets; sourceTree = "<group>"; };
		69A626501BABBBAF00218469 /* Base */ = {isa = PBXFileReference; lastKnownFileType = file.xib; name = Base; path = Base.lproj/LaunchScreen.xib; sourceTree = "<group>"; };
		69A626561BABBBAF00218469 /* tableViewTests.xctest */ = {isa = PBXFileReference; explicitFileType = wrapper.cfbundle; includeInIndex = 0; path = tableViewTests.xctest; sourceTree = BUILT_PRODUCTS_DIR; };
		69A6265B1BABBBAF00218469 /* Info.plist */ = {isa = PBXFileReference; lastKnownFileType = text.plist.xml; path = Info.plist; sourceTree = "<group>"; };
		69A6265C1BABBBAF00218469 /* tableViewTests.m */ = {isa = PBXFileReference; lastKnownFileType = sourcecode.c.objc; path = tableViewTests.m; sourceTree = "<group>"; };
/* End PBXFileReference section */

/* Begin PBXFrameworksBuildPhase section */
		69A6263A1BABBBAF00218469 /* Frameworks */ = {
			isa = PBXFrameworksBuildPhase;
			buildActionMask = 2147483647;
			files = (
			);
			runOnlyForDeploymentPostprocessing = 0;
		};
		69A626531BABBBAF00218469 /* Frameworks */ = {
			isa = PBXFrameworksBuildPhase;
			buildActionMask = 2147483647;
			files = (
			);
			runOnlyForDeploymentPostprocessing = 0;
		};
/* End PBXFrameworksBuildPhase section */

/* Begin PBXGroup section */
		69A626341BABBBAF00218469 = {
			isa = PBXGroup;
			children = (
				69A6263F1BABBBAF00218469 /* tableView */,
				69A626591BABBBAF00218469 /* tableViewTests */,
				69A6263E1BABBBAF00218469 /* Products */,
			);
			sourceTree = "<group>";
		};
		69A6263E1BABBBAF00218469 /* Products */ = {
			isa = PBXGroup;
			children = (
				69A6263D1BABBBAF00218469 /* tableView.app */,
				69A626561BABBBAF00218469 /* tableViewTests.xctest */,
			);
			name = Products;
			sourceTree = "<group>";
		};
		69A6263F1BABBBAF00218469 /* tableView */ = {
			isa = PBXGroup;
			children = (
				69A626441BABBBAF00218469 /* AppDelegate.h */,
				69A626451BABBBAF00218469 /* AppDelegate.m */,
				69A626471BABBBAF00218469 /* ViewController.h */,
				69A626481BABBBAF00218469 /* ViewController.m */,
				69A6264A1BABBBAF00218469 /* Main.storyboard */,
				69A6264D1BABBBAF00218469 /* Images.xcassets */,
				69A6264F1BABBBAF00218469 /* LaunchScreen.xib */,
				69A626401BABBBAF00218469 /* Supporting Files */,
			);
			path = tableView;
			sourceTree = "<group>";
		};
		69A626401BABBBAF00218469 /* Supporting Files */ = {
			isa = PBXGroup;
			children = (
				69A626411BABBBAF00218469 /* Info.plist */,
				69A626421BABBBAF00218469 /* main.m */,
			);
			name = "Supporting Files";
			sourceTree = "<group>";
		};
		69A626591BABBBAF00218469 /* tableViewTests */ = {
			isa = PBXGroup;
			children = (
				69A6265C1BABBBAF00218469 /* tableViewTests.m */,
				69A6265A1BABBBAF00218469 /* Supporting Files */,
			);
			path = tableViewTests;
			sourceTree = "<group>";
		};
		69A6265A1BABBBAF00218469 /* Supporting Files */ = {
			isa = PBXGroup;
			children = (
				69A6265B1BABBBAF00218469 /* Info.plist */,
			);
			name = "Supporting Files";
			sourceTree = "<group>";
		};
/* End PBXGroup section */

/* Begin PBXNativeTarget section */
		69A6263C1BABBBAF00218469 /* tableView */ = {
			isa = PBXNativeTarget;
			buildConfigurationList = 69A626601BABBBAF00218469 /* Build configuration list for PBXNativeTarget "tableView" */;
			buildPhases = (
				69A626391BABBBAF00218469 /* Sources */,
				69A6263A1BABBBAF00218469 /* Frameworks */,
				69A6263B1BABBBAF00218469 /* Resources */,
			);
			buildRules = (
			);
			dependencies = (
			);
			name = tableView;
			productName = tableView;
			productReference = 69A6263D1BABBBAF00218469 /* tableView.app */;
			productType = "com.apple.product-type.application";
		};
		69A626551BABBBAF00218469 /* tableViewTests */ = {
			isa = PBXNativeTarget;
			buildConfigurationList = 69A626631BABBBAF00218469 /* Build configuration list for PBXNativeTarget "tableViewTests" */;
			buildPhases = (
				69A626521BABBBAF00218469 /* Sources */,
				69A626531BABBBAF00218469 /* Frameworks */,
				69A626541BABBBAF00218469 /* Resources */,
			);
			buildRules = (
			);
			dependencies = (
				69A626581BABBBAF00218469 /* PBXTargetDependency */,
			);
			name = tableViewTests;
			productName = tableViewTests;
			productReference = 69A626561BABBBAF00218469 /* tableViewTests.xctest */;
			productType = "com.apple.product-type.bundle.unit-test";
		};
/* End PBXNativeTarget section */

/* Begin PBXProject section */
		69A626351BABBBAF00218469 /* Project object */ = {
			isa = PBXProject;
			attributes = {
				LastUpgradeCheck = 0620;
				ORGANIZATIONNAME = Huijun.org;
				TargetAttributes = {
					69A6263C1BABBBAF00218469 = {
						CreatedOnToolsVersion = 6.2;
					};
					69A626551BABBBAF00218469 = {
						CreatedOnToolsVersion = 6.2;
						TestTargetID = 69A6263C1BABBBAF00218469;
					};
				};
			};
			buildConfigurationList = 69A626381BABBBAF00218469 /* Build configuration list for PBXProject "tableView" */;
			compatibilityVersion = "Xcode 3.2";
			developmentRegion = English;
			hasScannedForEncodings = 0;
			knownRegions = (
				en,
				Base,
			);
			mainGroup = 69A626341BABBBAF00218469;
			productRefGroup = 69A6263E1BABBBAF00218469 /* Products */;
			projectDirPath = "";
			projectRoot = "";
			targets = (
				69A6263C1BABBBAF00218469 /* tableView */,
				69A626551BABBBAF00218469 /* tableViewTests */,
			);
		};
/* End PBXProject section */

/* Begin PBXResourcesBuildPhase section */
		69A6263B1BABBBAF00218469 /* Resources */ = {
			isa = PBXResourcesBuildPhase;
			buildActionMask = 2147483647;
			files = (
				69A6264C1BABBBAF00218469 /* Main.storyboard in Resources */,
				69A626511BABBBAF00218469 /* LaunchScreen.xib in Resources */,
				69A6264E1BABBBAF00218469 /* Images.xcassets in Resources */,
			);
			runOnlyForDeploymentPostprocessing = 0;
		};
		69A626541BABBBAF00218469 /* Resources */ = {
			isa = PBXResourcesBuildPhase;
			buildActionMask = 2147483647;
			files = (
			);
			runOnlyForDeploymentPostprocessing = 0;
		};
/* End PBXResourcesBuildPhase section */

/* Begin PBXSourcesBuildPhase section */
		69A626391BABBBAF00218469 /* Sources */ = {
			isa = PBXSourcesBuildPhase;
			buildActionMask = 2147483647;
			files = (
				69A626491BABBBAF00218469 /* ViewController.m in Sources */,
				69A626461BABBBAF00218469 /* AppDelegate.m in Sources */,
				69A626431BABBBAF00218469 /* main.m in Sources */,
			);
			runOnlyForDeploymentPostprocessing = 0;
		};
		69A626521BABBBAF00218469 /* Sources */ = {
			isa = PBXSourcesBuildPhase;
			buildActionMask = 2147483647;
			files = (
				69A6265D1BABBBAF00218469 /* tableViewTests.m in Sources */,
			);
			runOnlyForDeploymentPostprocessing = 0;
		};
/* End PBXSourcesBuildPhase section */

/* Begin PBXTargetDependency section */
		69A626581BABBBAF00218469 /* PBXTargetDependency */ = {
			isa = PBXTargetDependency;
			target = 69A6263C1BABBBAF00218469 /* tableView */;
			targetProxy = 69A626571BABBBAF00218469 /* PBXContainerItemProxy */;
		};
/* End PBXTargetDependency section */

/* Begin PBXVariantGroup section */
		69A6264A1BABBBAF00218469 /* Main.storyboard */ = {
			isa = PBXVariantGroup;
			children = (
				69A6264B1BABBBAF00218469 /* Base */,
			);
			name = Main.storyboard;
			sourceTree = "<group>";
		};
		69A6264F1BABBBAF00218469 /* LaunchScreen.xib */ = {
			isa = PBXVariantGroup;
			children = (
				69A626501BABBBAF00218469 /* Base */,
			);
			name = LaunchScreen.xib;
			sourceTree = "<group>";
		};
/* End PBXVariantGroup section */

/* Begin XCBuildConfiguration section */
		69A6265E1BABBBAF00218469 /* Debug */ = {
			isa = XCBuildConfiguration;
			buildSettings = {
				ALWAYS_SEARCH_USER_PATHS = NO;
				CLANG_CXX_LANGUAGE_STANDARD = "gnu++0x";
				CLANG_CXX_LIBRARY = "libc++";
				CLANG_ENABLE_MODULES = YES;
				CLANG_ENABLE_OBJC_ARC = YES;
				CLANG_WARN_BOOL_CONVERSION = YES;
				CLANG_WARN_CONSTANT_CONVERSION = YES;
				CLANG_WARN_DIRECT_OBJC_ISA_USAGE = YES_ERROR;
				CLANG_WARN_EMPTY_BODY = YES;
				CLANG_WARN_ENUM_CONVERSION = YES;
				CLANG_WARN_INT_CONVERSION = YES;
				CLANG_WARN_OBJC_ROOT_CLASS = YES_ERROR;
				CLANG_WARN_UNREACHABLE_CODE = YES;
				CLANG_WARN__DUPLICATE_METHOD_MATCH = YES;
				"CODE_SIGN_IDENTITY[sdk=iphoneos*]" = "iPhone Developer";
				COPY_PHASE_STRIP = NO;
				ENABLE_STRICT_OBJC_MSGSEND = YES;
				GCC_C_LANGUAGE_STANDARD = gnu99;
				GCC_DYNAMIC_NO_PIC = NO;
				GCC_OPTIMIZATION_LEVEL = 0;
				GCC_PREPROCESSOR_DEFINITIONS = (
					"DEBUG=1",
					"$(inherited)",
				);
				GCC_SYMBOLS_PRIVATE_EXTERN = NO;
				GCC_WARN_64_TO_32_BIT_CONVERSION = YES;
				GCC_WARN_ABOUT_RETURN_TYPE = YES_ERROR;
				GCC_WARN_UNDECLARED_SELECTOR = YES;
				GCC_WARN_UNINITIALIZED_AUTOS = YES_AGGRESSIVE;
				GCC_WARN_UNUSED_FUNCTION = YES;
				GCC_WARN_UNUSED_VARIABLE = YES;
				IPHONEOS_DEPLOYMENT_TARGET = 8.2;
				MTL_ENABLE_DEBUG_INFO = YES;
				ONLY_ACTIVE_ARCH = YES;
				SDKROOT = iphoneos;
			};
			name = Debug;
		};
		69A6265F1BABBBAF00218469 /* Release */ = {
			isa = XCBuildConfiguration;
			buildSettings = {
				ALWAYS_SEARCH_USER_PATHS = NO;
				CLANG_CXX_LANGUAGE_STANDARD = "gnu++0x";
				CLANG_CXX_LIBRARY = "libc++";
				CLANG_ENABLE_MODULES = YES;
				CLANG_ENABLE_OBJC_ARC = YES;
				CLANG_WARN_BOOL_CONVERSION = YES;
				CLANG_WARN_CONSTANT_CONVERSION = YES;
				CLANG_WARN_DIRECT_OBJC_ISA_USAGE = YES_ERROR;
				CLANG_WARN_EMPTY_BODY = YES;
				CLANG_WARN_ENUM_CONVERSION = YES;
				CLANG_WARN_INT_CONVERSION = YES;
				CLANG_WARN_OBJC_ROOT_CLASS = YES_ERROR;
				CLANG_WARN_UNREACHABLE_CODE = YES;
				CLANG_WARN__DUPLICATE_METHOD_MATCH = YES;
				"CODE_SIGN_IDENTITY[sdk=iphoneos*]" = "iPhone Developer";
				COPY_PHASE_STRIP = NO;
				ENABLE_NS_ASSERTIONS = NO;
				ENABLE_STRICT_OBJC_MSGSEND = YES;
				GCC_C_LANGUAGE_STANDARD = gnu99;
				GCC_WARN_64_TO_32_BIT_CONVERSION = YES;
				GCC_WARN_ABOUT_RETURN_TYPE = YES_ERROR;
				GCC_WARN_UNDECLARED_SELECTOR = YES;
				GCC_WARN_UNINITIALIZED_AUTOS = YES_AGGRESSIVE;
				GCC_WARN_UNUSED_FUNCTION = YES;
				GCC_WARN_UNUSED_VARIABLE = YES;
				IPHONEOS_DEPLOYMENT_TARGET = 8.2;
				MTL_ENABLE_DEBUG_INFO = NO;
				SDKROOT = iphoneos;
				VALIDATE_PRODUCT = YES;
			};
			name = Release;
		};
		69A626611BABBBAF00218469 /* Debug */ = {
			isa = XCBuildConfiguration;
			buildSettings = {
				ASSETCATALOG_COMPILER_APPICON_NAME = AppIcon;
				INFOPLIST_FILE = tableView/Info.plist;
				LD_RUNPATH_SEARCH_PATHS = "$(inherited) @executable_path/Frameworks";
				PRODUCT_NAME = "$(TARGET_NAME)";
			};
			name = Debug;
		};
		69A626621BABBBAF00218469 /* Release */ = {
			isa = XCBuildConfiguration;
			buildSettings = {
				ASSETCATALOG_COMPILER_APPICON_NAME = AppIcon;
				INFOPLIST_FILE = tableView/Info.plist;
				LD_RUNPATH_SEARCH_PATHS = "$(inherited) @executable_path/Frameworks";
				PRODUCT_NAME = "$(TARGET_NAME)";
			};
			name = Release;
		};
		69A626641BABBBAF00218469 /* Debug */ = {
			isa = XCBuildConfiguration;
			buildSettings = {
				BUNDLE_LOADER = "$(TEST_HOST)";
				FRAMEWORK_SEARCH_PATHS = (
					"$(SDKROOT)/Developer/Library/Frameworks",
					"$(inherited)",
				);
				GCC_PREPROCESSOR_DEFINITIONS = (
					"DEBUG=1",
					"$(inherited)",
				);
				INFOPLIST_FILE = tableViewTests/Info.plist;
				LD_RUNPATH_SEARCH_PATHS = "$(inherited) @executable_path/Frameworks @loader_path/Frameworks";
				PRODUCT_NAME = "$(TARGET_NAME)";
				TEST_HOST = "$(BUILT_PRODUCTS_DIR)/tableView.app/tableView";
			};
			name = Debug;
		};
		69A626651BABBBAF00218469 /* Release */ = {
			isa = XCBuildConfiguration;
			buildSettings = {
				BUNDLE_LOADER = "$(TEST_HOST)";
				FRAMEWORK_SEARCH_PATHS = (
					"$(SDKROOT)/Developer/Library/Frameworks",
					"$(inherited)",
				);
				INFOPLIST_FILE = tableViewTests/Info.plist;
				LD_RUNPATH_SEARCH_PATHS = "$(inherited) @executable_path/Frameworks @loader_path/Frameworks";
				PRODUCT_NAME = "$(TARGET_NAME)";
				TEST_HOST = "$(BUILT_PRODUCTS_DIR)/tableView.app/tableView";
			};
			name = Release;
		};
/* End XCBuildConfiguration section */

/* Begin XCConfigurationList section */
		69A626381BABBBAF00218469 /* Build configuration list for PBXProject "tableView" */ = {
			isa = XCConfigurationList;
			buildConfigurations = (
				69A6265E1BABBBAF00218469 /* Debug */,
				69A6265F1BABBBAF00218469 /* Release */,
			);
			defaultConfigurationIsVisible = 0;
			defaultConfigurationName = Release;
		};
		69A626601BABBBAF00218469 /* Build configuration list for PBXNativeTarget "tableView" */ = {
			isa = XCConfigurationList;
			buildConfigurations = (
				69A626611BABBBAF00218469 /* Debug */,
				69A626621BABBBAF00218469 /* Release */,
			);
			defaultConfigurationIsVisible = 0;
		};
		69A626631BABBBAF00218469 /* Build configuration list for PBXNativeTarget "tableViewTests" */ = {
			isa = XCConfigurationList;
			buildConfigurations = (
				69A626641BABBBAF00218469 /* Debug */,
				69A626651BABBBAF00218469 /* Release */,
			);
			defaultConfigurationIsVisible = 0;
		};
/* End XCConfigurationList section */
	};
	rootObject = 69A626351BABBBAF00218469 /* Project object */;
}
